{
  "projects": [
    {
      "projectId": "3BHMWCYAenCmWb8ThbnzeF",
      "version": "62.1.2",
      "dependencies": {},
      "lang": "ts",
      "fileLocks": [
        {
          "type": "globalVariant",
          "assetId": "OhEUf6Jd0eV8",
          "checksum": "55ca944a8d953e9fad6e251b142e79bc"
        },
        {
          "type": "globalVariant",
          "assetId": "yBTVTgAz2Co9",
          "checksum": "92ac827afff59474ed34b5c81fb60670"
        },
        {
          "assetId": "3BHMWCYAenCmWb8ThbnzeF",
          "type": "projectCss",
          "checksum": "4bd1e0fe40ba880301c1bcc690181523"
        }
      ],
      "codegenVersion": "0.0.1"
    },
    {
      "projectId": "r3ASNrnyvLLLAtDvzUioQ",
      "version": "4.8.0",
      "dependencies": {},
      "lang": "ts",
      "fileLocks": [
        {
          "assetId": "r3ASNrnyvLLLAtDvzUioQ",
          "type": "projectCss",
          "checksum": "1c02168c6b23256606111fdfdbb63549"
        }
      ],
      "codegenVersion": "0.0.1"
    },
    {
      "projectId": "gLnoj82AzKVVT7qXiqAbHD",
      "version": "2.14.0",
      "dependencies": {},
      "lang": "ts",
      "fileLocks": [
        {
          "assetId": "gLnoj82AzKVVT7qXiqAbHD",
          "type": "projectCss",
          "checksum": "1c02168c6b23256606111fdfdbb63549"
        },
        {
          "type": "renderModule",
          "assetId": "lBHNzts6tFyj",
          "checksum": "a91cfad691c4f316cd987e0ce67ad43b"
        },
        {
          "type": "cssRules",
          "assetId": "lBHNzts6tFyj",
          "checksum": "a91cfad691c4f316cd987e0ce67ad43b"
        },
        {
          "type": "icon",
          "assetId": "zq2s7N0xWucT",
          "checksum": "7691da81b3fdb3bd85f62a09bf3c2cc7"
        },
        {
          "type": "icon",
          "assetId": "8K40faRNhuCj",
          "checksum": "4fedd32cd8730884585d804464a39318"
        }
      ],
      "codegenVersion": "0.0.1"
    },
    {
      "projectId": "caTPwKxj5ZrD9LQ7DMdK4Z",
      "version": "3.40.0",
      "dependencies": {},
      "lang": "ts",
      "fileLocks": [
        {
          "assetId": "caTPwKxj5ZrD9LQ7DMdK4Z",
          "type": "projectCss",
          "checksum": "1c02168c6b23256606111fdfdbb63549"
        }
      ],
      "codegenVersion": "0.0.1"
    },
    {
      "projectId": "hjKYmYi6HMwK6TRyk7ew5R",
      "version": "6.42.0",
      "dependencies": {},
      "lang": "ts",
      "fileLocks": [
        {
          "assetId": "hjKYmYi6HMwK6TRyk7ew5R",
          "type": "projectCss",
          "checksum": "8261c92e439d6a43426690ea3cba615f"
        },
        {
          "assetId": "hjKYmYi6HMwK6TRyk7ew5R",
          "checksum": "ce1c1c4c2068f2505d175a1b6e17d26a",
          "type": "globalContexts"
        }
      ],
      "codegenVersion": "0.0.1"
    },
    {
      "projectId": "7nJ7UcFmq9UzB6eXfC5z4a",
      "version": "0.31.0",
      "dependencies": {},
      "lang": "ts",
      "fileLocks": [
        {
          "assetId": "7nJ7UcFmq9UzB6eXfC5z4a",
          "type": "projectCss",
          "checksum": "01e8cee5b9ce00fbc93f494c2a40dbf1"
        }
      ],
      "codegenVersion": "0.0.1"
    },
    {
      "projectId": "dNqcW7FYVqnkjtbdVGjyS8",
      "version": "124.0.0",
      "dependencies": {
        "3BHMWCYAenCmWb8ThbnzeF": "62.1.2"
      },
      "lang": "ts",
      "fileLocks": [
        {
          "type": "globalVariant",
          "assetId": "KU6ZMPleDsvH",
          "checksum": "0642a6e3d64be4022332fef7a77254e4"
        },
        {
          "assetId": "dNqcW7FYVqnkjtbdVGjyS8",
          "type": "projectCss",
          "checksum": "ddb54a5f9d077f1f23611a41dca36a3e"
        }
      ],
      "codegenVersion": "0.0.1"
    },
    {
      "projectId": "gmeH6XgPaBtkt51HunAo4g",
      "version": "18.12.0",
      "dependencies": {},
      "lang": "ts",
      "fileLocks": [
        {
          "assetId": "gmeH6XgPaBtkt51HunAo4g",
          "type": "projectCss",
          "checksum": "1c02168c6b23256606111fdfdbb63549"
        }
      ],
      "codegenVersion": "0.0.1"
    },
    {
      "projectId": "ka2iZDuLZRczy7yQTcifgT",
      "version": "latest",
      "dependencies": {
        "3BHMWCYAenCmWb8ThbnzeF": "62.1.2",
        "gmeH6XgPaBtkt51HunAo4g": "18.12.0",
        "dNqcW7FYVqnkjtbdVGjyS8": "124.0.0",
        "7nJ7UcFmq9UzB6eXfC5z4a": "0.31.0",
        "hjKYmYi6HMwK6TRyk7ew5R": "6.42.0",
        "caTPwKxj5ZrD9LQ7DMdK4Z": "3.40.0",
        "gLnoj82AzKVVT7qXiqAbHD": "2.14.0",
        "r3ASNrnyvLLLAtDvzUioQ": "4.8.0"
      },
      "lang": "ts",
      "fileLocks": [
        {
          "type": "globalVariant",
          "assetId": "sqmLXJKG--Qr",
          "checksum": "42f7a4d8a5ff51a87131641821ff53f1"
        },
        {
          "assetId": "ka2iZDuLZRczy7yQTcifgT",
          "type": "projectCss",
          "checksum": "6696778732bc41d8d762a864a0d3188f"
        },
        {
          "assetId": "ka2iZDuLZRczy7yQTcifgT",
          "checksum": "878138211c84542aec5a0486a11ac8b2",
          "type": "globalContexts"
        },
        {
          "type": "renderModule",
          "assetId": "lQe7fu5mku07",
          "checksum": "1d7c9be194d9c6e441e0094de2d6eff1"
        },
        {
          "type": "cssRules",
          "assetId": "lQe7fu5mku07",
          "checksum": "1d7c9be194d9c6e441e0094de2d6eff1"
        },
        {
          "type": "renderModule",
          "assetId": "4Xi9sEh74nPV",
          "checksum": "04af6e132acda66343b9b4a305a22507"
        },
        {
          "type": "cssRules",
          "assetId": "4Xi9sEh74nPV",
          "checksum": "04af6e132acda66343b9b4a305a22507"
        },
        {
          "type": "renderModule",
          "assetId": "yeJytgrF4Scs",
          "checksum": "bc365a2ebac340d3af6a367d27e880bd"
        },
        {
          "type": "cssRules",
          "assetId": "yeJytgrF4Scs",
          "checksum": "bc365a2ebac340d3af6a367d27e880bd"
        },
        {
          "type": "renderModule",
          "assetId": "RPiuKtGOqoBK",
          "checksum": "a6e409e24d74b6b57d6c23c8479dd98d"
        },
        {
          "type": "cssRules",
          "assetId": "RPiuKtGOqoBK",
          "checksum": "a6e409e24d74b6b57d6c23c8479dd98d"
        },
        {
          "type": "renderModule",
          "assetId": "vD7N5tyh1jdJ",
          "checksum": "96c55788b56cfde46dd91e2a7f26f23a"
        },
        {
          "type": "cssRules",
          "assetId": "vD7N5tyh1jdJ",
          "checksum": "96c55788b56cfde46dd91e2a7f26f23a"
        },
        {
          "type": "renderModule",
          "assetId": "y55jmOJB_ZER",
          "checksum": "4ceb2f5744c8219679aa50c1c7b51d8b"
        },
        {
          "type": "cssRules",
          "assetId": "y55jmOJB_ZER",
          "checksum": "4ceb2f5744c8219679aa50c1c7b51d8b"
        },
        {
          "type": "renderModule",
          "assetId": "ChPBYZzWZjKN",
          "checksum": "1d6cf3a8adc3cf2d7ad7c73a5e8ca707"
        },
        {
          "type": "cssRules",
          "assetId": "ChPBYZzWZjKN",
          "checksum": "1d6cf3a8adc3cf2d7ad7c73a5e8ca707"
        },
        {
          "type": "renderModule",
          "assetId": "6yuXofBswf49",
          "checksum": "f4e69576b5b4126fb9a2354fcd6f54b9"
        },
        {
          "type": "cssRules",
          "assetId": "6yuXofBswf49",
          "checksum": "f4e69576b5b4126fb9a2354fcd6f54b9"
        },
        {
          "type": "renderModule",
          "assetId": "bzQxfZoV1IUF",
          "checksum": "40d05fa4692f7cdb1fcda79b754af1f1"
        },
        {
          "type": "cssRules",
          "assetId": "bzQxfZoV1IUF",
          "checksum": "40d05fa4692f7cdb1fcda79b754af1f1"
        },
        {
          "type": "renderModule",
          "assetId": "7l-sQsZsFKno",
          "checksum": "b2b9d86455ab0422aa0d4e4cabb1a6e6"
        },
        {
          "type": "cssRules",
          "assetId": "7l-sQsZsFKno",
          "checksum": "b2b9d86455ab0422aa0d4e4cabb1a6e6"
        },
        {
          "type": "renderModule",
          "assetId": "6sAd8E-7nmfs",
          "checksum": "1314aa26310f5dd0f4c8e275a2fdca74"
        },
        {
          "type": "cssRules",
          "assetId": "6sAd8E-7nmfs",
          "checksum": "1314aa26310f5dd0f4c8e275a2fdca74"
        },
        {
          "type": "renderModule",
          "assetId": "jMf3rhHQ85nD",
          "checksum": "da6c26eaa7010b60c916ebfd5ad6eb81"
        },
        {
          "type": "cssRules",
          "assetId": "jMf3rhHQ85nD",
          "checksum": "da6c26eaa7010b60c916ebfd5ad6eb81"
        },
        {
          "type": "renderModule",
          "assetId": "yF50B3DN7y3u",
          "checksum": "614f9de074ad9dd4f0308aee31ddda5c"
        },
        {
          "type": "cssRules",
          "assetId": "yF50B3DN7y3u",
          "checksum": "614f9de074ad9dd4f0308aee31ddda5c"
        },
        {
          "type": "renderModule",
          "assetId": "--ohjArYKntg",
          "checksum": "bbfa358c8e77ea8b2a46ceefa91b2d7f"
        },
        {
          "type": "cssRules",
          "assetId": "--ohjArYKntg",
          "checksum": "bbfa358c8e77ea8b2a46ceefa91b2d7f"
        },
        {
          "type": "renderModule",
          "assetId": "1Ps2rlLTVA5d",
          "checksum": "a251d528a40a79c085655954805473b0"
        },
        {
          "type": "cssRules",
          "assetId": "1Ps2rlLTVA5d",
          "checksum": "a251d528a40a79c085655954805473b0"
        },
        {
          "type": "renderModule",
          "assetId": "V1qlIvo8-nfi",
          "checksum": "fc0a853b3c1001c5e2989aeec34012db"
        },
        {
          "type": "cssRules",
          "assetId": "V1qlIvo8-nfi",
          "checksum": "fc0a853b3c1001c5e2989aeec34012db"
        },
        {
          "type": "renderModule",
          "assetId": "9mwJf-RhFZd2",
          "checksum": "7f5d22e2a40227064cc00e59f673022e"
        },
        {
          "type": "cssRules",
          "assetId": "9mwJf-RhFZd2",
          "checksum": "7f5d22e2a40227064cc00e59f673022e"
        },
        {
          "type": "renderModule",
          "assetId": "AilJMeiiLU0t",
          "checksum": "9446ddf5273a700cddcd3ee68418840a"
        },
        {
          "type": "cssRules",
          "assetId": "AilJMeiiLU0t",
          "checksum": "9446ddf5273a700cddcd3ee68418840a"
        },
        {
          "type": "renderModule",
          "assetId": "weUHkqKNKWAZ",
          "checksum": "34a99b4273bb2ab359b3ec3b39967a12"
        },
        {
          "type": "cssRules",
          "assetId": "weUHkqKNKWAZ",
          "checksum": "34a99b4273bb2ab359b3ec3b39967a12"
        },
        {
          "type": "renderModule",
          "assetId": "lrfinfKjejKx",
          "checksum": "0b7817ac87e6435a9e3c18c1906e8497"
        },
        {
          "type": "cssRules",
          "assetId": "lrfinfKjejKx",
          "checksum": "0b7817ac87e6435a9e3c18c1906e8497"
        },
        {
          "type": "renderModule",
          "assetId": "PwV_f-2t2Shm",
          "checksum": "64c812d288b30f0569bcc4454ef99a2f"
        },
        {
          "type": "cssRules",
          "assetId": "PwV_f-2t2Shm",
          "checksum": "64c812d288b30f0569bcc4454ef99a2f"
        },
        {
          "type": "renderModule",
          "assetId": "oqWSnzvpmJ8g",
          "checksum": "0637d21814f9e2a14c0e358ba01a063a"
        },
        {
          "type": "cssRules",
          "assetId": "oqWSnzvpmJ8g",
          "checksum": "0637d21814f9e2a14c0e358ba01a063a"
        },
        {
          "type": "renderModule",
          "assetId": "YjFssikwogCu",
          "checksum": "a3a8a5ab6c6d435fbd237d8c4b51dc4f"
        },
        {
          "type": "cssRules",
          "assetId": "YjFssikwogCu",
          "checksum": "a3a8a5ab6c6d435fbd237d8c4b51dc4f"
        },
        {
          "type": "renderModule",
          "assetId": "XxPlvksADibW",
          "checksum": "dafe21dff1817ac20c3944cb72c88de2"
        },
        {
          "type": "cssRules",
          "assetId": "XxPlvksADibW",
          "checksum": "dafe21dff1817ac20c3944cb72c88de2"
        },
        {
          "type": "renderModule",
          "assetId": "JDbhW1dWGGwk",
          "checksum": "ebe336c850ca3751c18a8766a8772f21"
        },
        {
          "type": "cssRules",
          "assetId": "JDbhW1dWGGwk",
          "checksum": "ebe336c850ca3751c18a8766a8772f21"
        },
        {
          "type": "renderModule",
          "assetId": "9qae9ODPa9_W",
          "checksum": "09640127006539806956ec7bbd93e09a"
        },
        {
          "type": "cssRules",
          "assetId": "9qae9ODPa9_W",
          "checksum": "09640127006539806956ec7bbd93e09a"
        },
        {
          "type": "renderModule",
          "assetId": "oTAIGDwrFYsE",
          "checksum": "3d768af899d36f2ebfb59abbb46e1cd9"
        },
        {
          "type": "cssRules",
          "assetId": "oTAIGDwrFYsE",
          "checksum": "3d768af899d36f2ebfb59abbb46e1cd9"
        },
        {
          "type": "renderModule",
          "assetId": "LtbI2WZ6Twjk",
          "checksum": "cfa324701a51f6ddb8fdd6aa43c3b285"
        },
        {
          "type": "cssRules",
          "assetId": "LtbI2WZ6Twjk",
          "checksum": "cfa324701a51f6ddb8fdd6aa43c3b285"
        },
        {
          "type": "renderModule",
          "assetId": "vduhqYdng0kQ",
          "checksum": "0fa39d15f6235774e03d91e835ec6268"
        },
        {
          "type": "cssRules",
          "assetId": "vduhqYdng0kQ",
          "checksum": "0fa39d15f6235774e03d91e835ec6268"
        },
        {
          "type": "renderModule",
          "assetId": "qSiuR1YUrvrO",
          "checksum": "bbea8d6f782ccdb69207f5278e141a4b"
        },
        {
          "type": "cssRules",
          "assetId": "qSiuR1YUrvrO",
          "checksum": "bbea8d6f782ccdb69207f5278e141a4b"
        },
        {
          "type": "renderModule",
          "assetId": "hmxYsW-AK3HY",
          "checksum": "dd304c757f4e9e3d93db53417a247abe"
        },
        {
          "type": "cssRules",
          "assetId": "hmxYsW-AK3HY",
          "checksum": "dd304c757f4e9e3d93db53417a247abe"
        },
        {
          "type": "renderModule",
          "assetId": "y3tW3ZSNegYq",
          "checksum": "1c88bd20cf857198f82dbcc14418615f"
        },
        {
          "type": "cssRules",
          "assetId": "y3tW3ZSNegYq",
          "checksum": "1c88bd20cf857198f82dbcc14418615f"
        },
        {
          "type": "renderModule",
          "assetId": "ARIBZ01Abab-",
          "checksum": "0a97e336f745e0d7f874dccbfaf67e23"
        },
        {
          "type": "cssRules",
          "assetId": "ARIBZ01Abab-",
          "checksum": "0a97e336f745e0d7f874dccbfaf67e23"
        },
        {
          "type": "renderModule",
          "assetId": "nQYqBjZb5dcX",
          "checksum": "0be95d36e686f303006c9eee1cf27452"
        },
        {
          "type": "cssRules",
          "assetId": "nQYqBjZb5dcX",
          "checksum": "0be95d36e686f303006c9eee1cf27452"
        },
        {
          "type": "renderModule",
          "assetId": "R5j3WX9WTMGi",
          "checksum": "634b2817ce9cd7acc82b83da84152901"
        },
        {
          "type": "cssRules",
          "assetId": "R5j3WX9WTMGi",
          "checksum": "634b2817ce9cd7acc82b83da84152901"
        },
        {
          "type": "renderModule",
          "assetId": "Q4p7qV7d8189",
          "checksum": "fc07b6d647600e2fd915d8ee75662362"
        },
        {
          "type": "cssRules",
          "assetId": "Q4p7qV7d8189",
          "checksum": "fc07b6d647600e2fd915d8ee75662362"
        },
        {
          "type": "renderModule",
          "assetId": "2LYkxu2R5J6J",
          "checksum": "804ac140d318783d393261c6f4e9014b"
        },
        {
          "type": "cssRules",
          "assetId": "2LYkxu2R5J6J",
          "checksum": "804ac140d318783d393261c6f4e9014b"
        },
        {
          "type": "renderModule",
          "assetId": "sJw_aO84mi_F",
          "checksum": "a7f3190a31a33f3ccd39a8ac24541043"
        },
        {
          "type": "cssRules",
          "assetId": "sJw_aO84mi_F",
          "checksum": "a7f3190a31a33f3ccd39a8ac24541043"
        },
        {
          "type": "renderModule",
          "assetId": "AqjS5XNRIogi",
          "checksum": "a1ac5eebe6812650cd6f67b3fa78285a"
        },
        {
          "type": "cssRules",
          "assetId": "AqjS5XNRIogi",
          "checksum": "a1ac5eebe6812650cd6f67b3fa78285a"
        },
        {
          "type": "renderModule",
          "assetId": "g3uca0xLMsSl",
          "checksum": "ef29fd9fd68b126d9dbd78c09711818e"
        },
        {
          "type": "cssRules",
          "assetId": "g3uca0xLMsSl",
          "checksum": "ef29fd9fd68b126d9dbd78c09711818e"
        },
        {
          "type": "renderModule",
          "assetId": "zSuJsJOabVOR",
          "checksum": "de8c6961afd64694a61bd9b0908559b5"
        },
        {
          "type": "cssRules",
          "assetId": "zSuJsJOabVOR",
          "checksum": "de8c6961afd64694a61bd9b0908559b5"
        },
        {
          "type": "renderModule",
          "assetId": "L8i0x8iks7JL",
          "checksum": "210fae4733c46edff919953d009ef8f5"
        },
        {
          "type": "cssRules",
          "assetId": "L8i0x8iks7JL",
          "checksum": "210fae4733c46edff919953d009ef8f5"
        },
        {
          "type": "renderModule",
          "assetId": "8tDhKfymfLuv",
          "checksum": "ae3b5d6a688b14d9fdf1de197fce8f6a"
        },
        {
          "type": "cssRules",
          "assetId": "8tDhKfymfLuv",
          "checksum": "ae3b5d6a688b14d9fdf1de197fce8f6a"
        },
        {
          "type": "renderModule",
          "assetId": "FYZC3ChtrcAT",
          "checksum": "c868adc69b094056ef37157f26f59aef"
        },
        {
          "type": "cssRules",
          "assetId": "FYZC3ChtrcAT",
          "checksum": "c868adc69b094056ef37157f26f59aef"
        },
        {
          "type": "renderModule",
          "assetId": "Z10WnXYACit0",
          "checksum": "3515b6f78042bc34736b94cfc58bc239"
        },
        {
          "type": "cssRules",
          "assetId": "Z10WnXYACit0",
          "checksum": "3515b6f78042bc34736b94cfc58bc239"
        },
        {
          "type": "renderModule",
          "assetId": "RJCN3wmY1s2W",
          "checksum": "734b36301a74a76b1f656369f69151e7"
        },
        {
          "type": "cssRules",
          "assetId": "RJCN3wmY1s2W",
          "checksum": "734b36301a74a76b1f656369f69151e7"
        },
        {
          "type": "renderModule",
          "assetId": "UrXh7aqakI5i",
          "checksum": "35876fd03196a3cb70afa4c8d2b6b58c"
        },
        {
          "type": "cssRules",
          "assetId": "UrXh7aqakI5i",
          "checksum": "35876fd03196a3cb70afa4c8d2b6b58c"
        },
        {
          "type": "renderModule",
          "assetId": "_FB-Oq3v7Rjj",
          "checksum": "b44404da4e2e9cb2a5c103c42539ae09"
        },
        {
          "type": "cssRules",
          "assetId": "_FB-Oq3v7Rjj",
          "checksum": "b44404da4e2e9cb2a5c103c42539ae09"
        },
        {
          "type": "renderModule",
          "assetId": "ZdM-Ied11Vcn",
          "checksum": "254b578efcdbf0d08bde6daab187b4d3"
        },
        {
          "type": "cssRules",
          "assetId": "ZdM-Ied11Vcn",
          "checksum": "254b578efcdbf0d08bde6daab187b4d3"
        },
        {
          "type": "renderModule",
          "assetId": "LrLWz26fGyoh",
          "checksum": "b0d24c89f35f8e2b225d1e5a0618c963"
        },
        {
          "type": "cssRules",
          "assetId": "LrLWz26fGyoh",
          "checksum": "b0d24c89f35f8e2b225d1e5a0618c963"
        },
        {
          "type": "renderModule",
          "assetId": "kfQ6edVcoSz5",
          "checksum": "2701189d1316091d49d43304058af791"
        },
        {
          "type": "cssRules",
          "assetId": "kfQ6edVcoSz5",
          "checksum": "2701189d1316091d49d43304058af791"
        },
        {
          "type": "renderModule",
          "assetId": "IwKbutgWeSyx",
          "checksum": "087e1b2ce50f1662179f433e482f0a2c"
        },
        {
          "type": "cssRules",
          "assetId": "IwKbutgWeSyx",
          "checksum": "087e1b2ce50f1662179f433e482f0a2c"
        },
        {
          "type": "renderModule",
          "assetId": "RB6PUYM82WJZ",
          "checksum": "43a36f42e5a742e676f6c5f0d20f5f9f"
        },
        {
          "type": "cssRules",
          "assetId": "RB6PUYM82WJZ",
          "checksum": "43a36f42e5a742e676f6c5f0d20f5f9f"
        },
        {
          "type": "renderModule",
          "assetId": "YgqjE0gxR19_",
          "checksum": "2f22b742fcb9c832b64a6186b578298a"
        },
        {
          "type": "cssRules",
          "assetId": "YgqjE0gxR19_",
          "checksum": "2f22b742fcb9c832b64a6186b578298a"
        },
        {
          "type": "renderModule",
          "assetId": "cAEhwOH9D29A",
          "checksum": "c8a5d913553cb1d1222e5a9e67953861"
        },
        {
          "type": "cssRules",
          "assetId": "cAEhwOH9D29A",
          "checksum": "c8a5d913553cb1d1222e5a9e67953861"
        },
        {
          "type": "icon",
          "assetId": "jsI2QG87LsJd",
          "checksum": "cbb85ed766277320eafe1c9eabd427b3"
        },
        {
          "type": "icon",
          "assetId": "xcAbQsFad2uK",
          "checksum": "35895ef8d6ec61e7e2d2a1889ae0e08b"
        },
        {
          "type": "icon",
          "assetId": "_WS5X-3NT1mr",
          "checksum": "aaa2f18509f82aabea247ae6c9d7bf73"
        },
        {
          "type": "icon",
          "assetId": "5LN16wumVa7d",
          "checksum": "b11c38a3f978df108e03611d11807faf"
        },
        {
          "type": "icon",
          "assetId": "32aCNZ5iI3FE",
          "checksum": "ebcd931e3c8374b0bce998cf9f11c24a"
        },
        {
          "type": "icon",
          "assetId": "4afhqqqjv41U",
          "checksum": "c7535c5861c3e853d6983aad58b8925d"
        },
        {
          "type": "icon",
          "assetId": "y5UeqRgNKtGJ",
          "checksum": "577027b81100c0e72c068866e98fa75f"
        },
        {
          "type": "icon",
          "assetId": "uShL4CTxzu_J",
          "checksum": "f7fd34889cef237a9c3e7b339cb65cc7"
        },
        {
          "type": "icon",
          "assetId": "1hWUqbPTXcr9",
          "checksum": "a23eda09ce7e29a451cb79f1dcbbdfe6"
        },
        {
          "type": "icon",
          "assetId": "_gVbNTQuEpnD",
          "checksum": "b34c042cbbedeb4f4156e3433f21117a"
        },
        {
          "type": "icon",
          "assetId": "1EE12dXUAqej",
          "checksum": "7f54f78b28070fc900eb516f0921d5ba"
        },
        {
          "type": "icon",
          "assetId": "nGItqZvcwXxE",
          "checksum": "db43383707d6bd78b0456e2cd57bd8d9"
        },
        {
          "type": "icon",
          "assetId": "YZq8zkH6L26i",
          "checksum": "3d97ab94473c10a1ef6eee905635121c"
        },
        {
          "type": "icon",
          "assetId": "x_-_3cev3Vv3",
          "checksum": "938bb49df1ea7f35fa2695fa2dea2915"
        },
        {
          "type": "icon",
          "assetId": "l4J0m84Z47vf",
          "checksum": "27a2a2db0ca34911f691af3e867c22ff"
        },
        {
          "type": "icon",
          "assetId": "ZpgoeyrhnZu5",
          "checksum": "8e35ffd159d1600c43712213c7072eee"
        },
        {
          "type": "icon",
          "assetId": "S_RRRMZZHJXe",
          "checksum": "f51ff2f93c74fae132aeeadd65b556bf"
        },
        {
          "type": "icon",
          "assetId": "wPGDDeb6a6Zu",
          "checksum": "decf1090f42ad2d0f5c117fc86ce0112"
        },
        {
          "type": "icon",
          "assetId": "ZJZMp79Bw3f6",
          "checksum": "38fb1c5bb78608b4d01992440b397719"
        },
        {
          "type": "icon",
          "assetId": "jOPA4fc0bqa9",
          "checksum": "8d39c93786bd16dec672adfe0f00be1c"
        },
        {
          "type": "icon",
          "assetId": "aAboZsrDv086",
          "checksum": "387f04283272d4c564df03bd2a46a23d"
        },
        {
          "type": "icon",
          "assetId": "D_9LkR0DHuet",
          "checksum": "9a41016d5fcbc4f8f0e7c8e33bba495e"
        },
        {
          "type": "icon",
          "assetId": "Sef-DgcnY_ZJ",
          "checksum": "2007ccffbf97d3a5274fafd5ce734a2d"
        },
        {
          "type": "icon",
          "assetId": "M-JvQ3-hiZI4",
          "checksum": "f742d03a15e2d1f0bddff88a15447f04"
        },
        {
          "type": "icon",
          "assetId": "Me8A_Egbjfaz",
          "checksum": "c48396be7d7b1f4a5cb39ce31ea2376f"
        },
        {
          "type": "icon",
          "assetId": "QLVD-xlFJyHv",
          "checksum": "326c38758309ba975a1705806d87f00a"
        },
        {
          "type": "icon",
          "assetId": "kLHvznWDXO6o",
          "checksum": "30e84eae95e81af57b001c05f590c2d1"
        },
        {
          "type": "icon",
          "assetId": "fI4-p36KLtYb",
          "checksum": "77a680af3b4e32e0fe0a993ac181dc9d"
        },
        {
          "type": "icon",
          "assetId": "6d0MF6fL9GNP",
          "checksum": "5a4083608e3f31e94451e41442f36e61"
        },
        {
          "type": "icon",
          "assetId": "mryeuHjOKWJj",
          "checksum": "b86d23f2343c3ccd4338f0f7bf58d90f"
        },
        {
          "type": "icon",
          "assetId": "6NOJ8SGHKLTy",
          "checksum": "43c2bd6ba91ad4303f3d944b6883ab45"
        },
        {
          "type": "icon",
          "assetId": "D-HziUGMLNir",
          "checksum": "f3918f2eb80a789593170c5d3fb6bc00"
        },
        {
          "type": "icon",
          "assetId": "tHwTGsC-EMfd",
          "checksum": "e0d202c1e9393f581229b2273d1532df"
        },
        {
          "type": "icon",
          "assetId": "GGzpuWjdChRP",
          "checksum": "cf70ae9e320ec495691f0f74f6122e96"
        },
        {
          "type": "icon",
          "assetId": "ZTgFTraarPdd",
          "checksum": "677d7bd8059a4aa67af54207641cd4b8"
        },
        {
          "type": "icon",
          "assetId": "lPap6JZWjU39",
          "checksum": "135e92bca7b037067113d6d38b5b5dcd"
        },
        {
          "type": "icon",
          "assetId": "S2Tw5Gs-w1VP",
          "checksum": "05d76d88e288799f6d5003f6b812dc95"
        },
        {
          "type": "icon",
          "assetId": "ntGEJixq3Fkr",
          "checksum": "c8491022336ec4d171621a599ee72696"
        },
        {
          "type": "icon",
          "assetId": "jCNXZckRWsYw",
          "checksum": "2a48bd505ecfaa1c3c5598a1b7ff89fc"
        },
        {
          "type": "icon",
          "assetId": "oY__jQuVG9bk",
          "checksum": "a413114dbff986a38e14772294819083"
        },
        {
          "type": "icon",
          "assetId": "UkCl5Rscwokr",
          "checksum": "588972618e7c085fa3308ac5157f9033"
        },
        {
          "type": "image",
          "assetId": "QDNvCFqBv5tb",
          "checksum": "4053a2b69e524494e3ee6465b8e4c023"
        },
        {
          "type": "image",
          "assetId": "mo8yiGuE35__",
          "checksum": "78daa6f39ff7add925a89f41441da9b7"
        },
        {
          "type": "image",
          "assetId": "wtIKMpG8Hx_a",
          "checksum": "0a15afd68c6e0d81ca0a3643f2e18b6c"
        },
        {
          "type": "image",
          "assetId": "rI1GQ_blAHMz",
          "checksum": "d9723329377e326cb4f274b7e81fd866"
        },
        {
          "type": "image",
          "assetId": "7zNFEGq7HA4J",
          "checksum": "0a24337026fb9612dd3b1b195f60286e"
        },
        {
          "type": "image",
          "assetId": "Sww2R5_ypl8L",
          "checksum": "14e923f6d5f7a7dcb6da7eb035b4cead"
        },
        {
          "type": "image",
          "assetId": "q1f0p8lHLPc0",
          "checksum": "860e3bc195accd6ea5d94ce194fd7c66"
        },
        {
          "type": "image",
          "assetId": "5OH84X7b2BjW",
          "checksum": "aca98cd72a05d8b148dd966bd10c739b"
        },
        {
          "type": "image",
          "assetId": "3innpxjdv6DA",
          "checksum": "5d2cbf4e3d60ce6ba175284ebc4544d4"
        },
        {
          "type": "image",
          "assetId": "OHxQq3qvvHmZ",
          "checksum": "1915dd85bf04f2b0779fda52a5ef3f92"
        },
        {
          "type": "image",
          "assetId": "fc9MEWv95TmA",
          "checksum": "265d4db2e9dadec01bdb0763d47bdb90"
        },
        {
          "type": "image",
          "assetId": "rprvpz_VRVjm",
          "checksum": "5326dc396e5ea5b55d32740b8ec71466"
        },
        {
          "type": "image",
          "assetId": "VyO4U4Q6Nx3b",
          "checksum": "292ce0eb6cd4765dcd7eec3bb0538d9c"
        },
        {
          "type": "image",
          "assetId": "yhVOXJqXwdlz",
          "checksum": "8537adc2a483cf6b67220360908a584e"
        },
        {
          "type": "image",
          "assetId": "C297WOA4YdPG",
          "checksum": "16a1cd50b968831426e849169afb3f7a"
        },
        {
          "type": "image",
          "assetId": "iwWQYQU5UiDT",
          "checksum": "6588f1d49e0e096fc27c0745b09d58ce"
        },
        {
          "type": "image",
          "assetId": "7VUT2kfQdqwx",
          "checksum": "e27325a4e85de36031d2b447e224152e"
        },
        {
          "type": "image",
          "assetId": "vKiVIWLH0WTa",
          "checksum": "43246652d4bc03f433a86021344603fc"
        },
        {
          "type": "image",
          "assetId": "98Sez9nJlJuZ",
          "checksum": "ddacd28fff594b24a24483262a3bee5d"
        },
        {
          "type": "image",
          "assetId": "xTgvwyzoqCmp",
          "checksum": "bcac7dd90b03f8289749389d6c05fe22"
        },
        {
          "type": "image",
          "assetId": "m2LanT5xSZdO",
          "checksum": "5cd2e5bf7cbcf070853c1ec93097ba66"
        },
        {
          "type": "image",
          "assetId": "aexLK3GDWOiv",
          "checksum": "05732603d16f0789e7ac841a577cf8fd"
        },
        {
          "type": "image",
          "assetId": "vglnIRYHGazc",
          "checksum": "3a31f8e4c88de31726c73ea86a9a1e18"
        },
        {
          "type": "image",
          "assetId": "ClIc44seyjRh",
          "checksum": "311dbf1c88bd2ee6b503a0c5d3aaa9b8"
        },
        {
          "type": "image",
          "assetId": "mYHokXDNYE5X",
          "checksum": "c5de1f0c39f7823279aa9dbb0431c622"
        },
        {
          "type": "image",
          "assetId": "tOShKUqwCcSt",
          "checksum": "d134f8799d599c0734e07533c9b2b0cd"
        },
        {
          "type": "image",
          "assetId": "NlETWr6aKFXU",
          "checksum": "6bc059239038507221b574e8f69d5249"
        },
        {
          "type": "image",
          "assetId": "xBoLV3aGtLEH",
          "checksum": "315388d441a9eb0ba2d22cce4ed684bb"
        },
        {
          "type": "image",
          "assetId": "Qmdr-sWqDMc7",
          "checksum": "6ffcfc895b1be139154a5a863a097135"
        },
        {
          "type": "image",
          "assetId": "lj4AYymUB_6J",
          "checksum": "3c4d3edae7d64fd9a1d2af35d539f894"
        },
        {
          "type": "image",
          "assetId": "eXDk1ae9tH-v",
          "checksum": "7f47182304d97d512aba945577701cdd"
        },
        {
          "type": "image",
          "assetId": "1LJ60HGcpEO8",
          "checksum": "f7968c2c49d3b7f3aca23736edda5880"
        },
        {
          "type": "image",
          "assetId": "b9fX7p3Mwiy5",
          "checksum": "c39b566d6f4b459fb1b9d436c4173d96"
        },
        {
          "type": "image",
          "assetId": "FU6kfkY-6Zcv",
          "checksum": "3539b369151b633474ab08755568a589"
        },
        {
          "type": "image",
          "assetId": "FK-uoVOaDJEH",
          "checksum": "478324df8f2a0ee3a94f7c5045bd2603"
        },
        {
          "type": "image",
          "assetId": "mMEIW_wGMfja",
          "checksum": "1b83ecababa2cda28903feac036a7adc"
        },
        {
          "type": "image",
          "assetId": "aGlTMxOOZkND",
          "checksum": "7874ff7a60764aadd25df839141fc29a"
        },
        {
          "type": "image",
          "assetId": "LwDf_3K_OuJ3",
          "checksum": "25f974a55c881cf75706e970f0f97eae"
        },
        {
          "type": "image",
          "assetId": "EnTl7Fdaxvc3",
          "checksum": "d2ad136cb192008985abbda6fcb38d1a"
        },
        {
          "type": "image",
          "assetId": "lBgA1nXoWciO",
          "checksum": "39a11689bfa0b769a6eb516318fc3df8"
        },
        {
          "type": "image",
          "assetId": "SKy5dc6S6TKn",
          "checksum": "3304912bf0d16d1e1f8b8bebff11e96d"
        },
        {
          "type": "image",
          "assetId": "lLR892ELyMWT",
          "checksum": "47bb09e5f8ab048a21f81379d354fc60"
        },
        {
          "type": "image",
          "assetId": "LcomCgup3AX_",
          "checksum": "0940e4cd4da9ea936e6c1e211a234db9"
        },
        {
          "type": "image",
          "assetId": "5H4NjOT-0xRA",
          "checksum": "3ee72dfeb56b6fa74a6643b3a7e29f89"
        },
        {
          "type": "image",
          "assetId": "PH045Z-74aWM",
          "checksum": "31bfafb714e81a9add3f28c5d59eea2a"
        },
        {
          "type": "image",
          "assetId": "_07eyaj9wmKI",
          "checksum": "f3f1504203cb710720c81f9a4999b90f"
        },
        {
          "type": "image",
          "assetId": "u1jtNovJ0Hjq",
          "checksum": "28d8d2b4fbcae51f8d054b95e00d35c9"
        },
        {
          "type": "image",
          "assetId": "n2yJtkZ1W3s9",
          "checksum": "48906f8394d28efd3d9cd0b42ec9932a"
        },
        {
          "type": "image",
          "assetId": "8Od4UWhw6Hds",
          "checksum": "453d071d50bc26a31b02e72481006007"
        }
      ],
      "codegenVersion": "0.0.1"
    }
  ],
  "cliVersion": "0.1.335"
}
